// !$*UTF8*$!
{
	archiveVersion = 1;
	classes = {
	};
	objectVersion = 48;
	objects = {

/* Begin PBXBuildFile section */
		3C7CEAF54D6FE4EC46C8889F /* Pods_WeatherForecast.framework in Frameworks */ = {isa = PBXBuildFile; fileRef = 89E67DC407ECC48E66CB2561 /* Pods_WeatherForecast.framework */; };
		4F16216C20572E6000859BB0 /* City.swift in Sources */ = {isa = PBXBuildFile; fileRef = 4F16216B20572E6000859BB0 /* City.swift */; };
		4F781A552057339900B004D6 /* CitiesJSONSerializer.swift in Sources */ = {isa = PBXBuildFile; fileRef = 4F781A542057339900B004D6 /* CitiesJSONSerializer.swift */; };
		4F781A572057341800B004D6 /* cityList.json in Resources */ = {isa = PBXBuildFile; fileRef = 4F781A562057341800B004D6 /* cityList.json */; };
		4F781A592057395900B004D6 /* CityTableViewCell.swift in Sources */ = {isa = PBXBuildFile; fileRef = 4F781A582057395900B004D6 /* CityTableViewCell.swift */; };
		4F93A94A2055D9BB005DDC6D /* AppDelegate.swift in Sources */ = {isa = PBXBuildFile; fileRef = 4F93A9492055D9BB005DDC6D /* AppDelegate.swift */; };
		4F93A94F2055D9BB005DDC6D /* Main.storyboard in Resources */ = {isa = PBXBuildFile; fileRef = 4F93A94D2055D9BB005DDC6D /* Main.storyboard */; };
		4F93A9512055D9BB005DDC6D /* Assets.xcassets in Resources */ = {isa = PBXBuildFile; fileRef = 4F93A9502055D9BB005DDC6D /* Assets.xcassets */; };
		4F93A9542055D9BB005DDC6D /* LaunchScreen.storyboard in Resources */ = {isa = PBXBuildFile; fileRef = 4F93A9522055D9BB005DDC6D /* LaunchScreen.storyboard */; };
		4F93A95C20572374005DDC6D /* MasterViewController.swift in Sources */ = {isa = PBXBuildFile; fileRef = 4F93A95B20572374005DDC6D /* MasterViewController.swift */; };
		4F93A95E205724BF005DDC6D /* DetailViewController.swift in Sources */ = {isa = PBXBuildFile; fileRef = 4F93A95D205724BF005DDC6D /* DetailViewController.swift */; };
		4FF09E0A206C33BC00E96F60 /* Weather.swift in Sources */ = {isa = PBXBuildFile; fileRef = 4FF09E09206C33BC00E96F60 /* Weather.swift */; };
		4FF09E10206D120600E96F60 /* WeatherJSONSerializer.swift in Sources */ = {isa = PBXBuildFile; fileRef = 4FF09E0F206D120600E96F60 /* WeatherJSONSerializer.swift */; };
		4FF09E12206D611300E96F60 /* Forecast.swift in Sources */ = {isa = PBXBuildFile; fileRef = 4FF09E11206D611300E96F60 /* Forecast.swift */; };
		4FF09E14206D62B200E96F60 /* CityProperties.swift in Sources */ = {isa = PBXBuildFile; fileRef = 4FF09E13206D62B200E96F60 /* CityProperties.swift */; };
		4FF09E16206D636E00E96F60 /* CityPropertiesJSONSerializer.swift in Sources */ = {isa = PBXBuildFile; fileRef = 4FF09E15206D636E00E96F60 /* CityPropertiesJSONSerializer.swift */; };
/* End PBXBuildFile section */

/* Begin PBXFileReference section */
		4F16216B20572E6000859BB0 /* City.swift */ = {isa = PBXFileReference; lastKnownFileType = sourcecode.swift; path = City.swift; sourceTree = "<group>"; };
		4F781A542057339900B004D6 /* CitiesJSONSerializer.swift */ = {isa = PBXFileReference; lastKnownFileType = sourcecode.swift; path = CitiesJSONSerializer.swift; sourceTree = "<group>"; };
		4F781A562057341800B004D6 /* cityList.json */ = {isa = PBXFileReference; lastKnownFileType = text.json; path = cityList.json; sourceTree = "<group>"; };
		4F781A582057395900B004D6 /* CityTableViewCell.swift */ = {isa = PBXFileReference; lastKnownFileType = sourcecode.swift; path = CityTableViewCell.swift; sourceTree = "<group>"; };
		4F93A9462055D9BB005DDC6D /* WeatherForecast.app */ = {isa = PBXFileReference; explicitFileType = wrapper.application; includeInIndex = 0; path = WeatherForecast.app; sourceTree = BUILT_PRODUCTS_DIR; };
		4F93A9492055D9BB005DDC6D /* AppDelegate.swift */ = {isa = PBXFileReference; lastKnownFileType = sourcecode.swift; path = AppDelegate.swift; sourceTree = "<group>"; };
		4F93A94E2055D9BB005DDC6D /* Base */ = {isa = PBXFileReference; lastKnownFileType = file.storyboard; name = Base; path = Base.lproj/Main.storyboard; sourceTree = "<group>"; };
		4F93A9502055D9BB005DDC6D /* Assets.xcassets */ = {isa = PBXFileReference; lastKnownFileType = folder.assetcatalog; path = Assets.xcassets; sourceTree = "<group>"; };
		4F93A9532055D9BB005DDC6D /* Base */ = {isa = PBXFileReference; lastKnownFileType = file.storyboard; name = Base; path = Base.lproj/LaunchScreen.storyboard; sourceTree = "<group>"; };
		4F93A9552055D9BB005DDC6D /* Info.plist */ = {isa = PBXFileReference; lastKnownFileType = text.plist.xml; path = Info.plist; sourceTree = "<group>"; };
		4F93A95B20572374005DDC6D /* MasterViewController.swift */ = {isa = PBXFileReference; lastKnownFileType = sourcecode.swift; path = MasterViewController.swift; sourceTree = "<group>"; };
		4F93A95D205724BF005DDC6D /* DetailViewController.swift */ = {isa = PBXFileReference; lastKnownFileType = sourcecode.swift; path = DetailViewController.swift; sourceTree = "<group>"; };
		4FF09E09206C33BC00E96F60 /* Weather.swift */ = {isa = PBXFileReference; lastKnownFileType = sourcecode.swift; path = Weather.swift; sourceTree = "<group>"; };
		4FF09E0F206D120600E96F60 /* WeatherJSONSerializer.swift */ = {isa = PBXFileReference; lastKnownFileType = sourcecode.swift; path = WeatherJSONSerializer.swift; sourceTree = "<group>"; };
		4FF09E11206D611300E96F60 /* Forecast.swift */ = {isa = PBXFileReference; lastKnownFileType = sourcecode.swift; path = Forecast.swift; sourceTree = "<group>"; };
		4FF09E13206D62B200E96F60 /* CityProperties.swift */ = {isa = PBXFileReference; lastKnownFileType = sourcecode.swift; path = CityProperties.swift; sourceTree = "<group>"; };
		4FF09E15206D636E00E96F60 /* CityPropertiesJSONSerializer.swift */ = {isa = PBXFileReference; lastKnownFileType = sourcecode.swift; path = CityPropertiesJSONSerializer.swift; sourceTree = "<group>"; };
		7F691B23C2914392C5D048E6 /* Pods-WeatherForecast.release.xcconfig */ = {isa = PBXFileReference; includeInIndex = 1; lastKnownFileType = text.xcconfig; name = "Pods-WeatherForecast.release.xcconfig"; path = "Pods/Target Support Files/Pods-WeatherForecast/Pods-WeatherForecast.release.xcconfig"; sourceTree = "<group>"; };
		89E67DC407ECC48E66CB2561 /* Pods_WeatherForecast.framework */ = {isa = PBXFileReference; explicitFileType = wrapper.framework; includeInIndex = 0; path = Pods_WeatherForecast.framework; sourceTree = BUILT_PRODUCTS_DIR; };
		E0C20788D008BF3243FE016D /* Pods-WeatherForecast.debug.xcconfig */ = {isa = PBXFileReference; includeInIndex = 1; lastKnownFileType = text.xcconfig; name = "Pods-WeatherForecast.debug.xcconfig"; path = "Pods/Target Support Files/Pods-WeatherForecast/Pods-WeatherForecast.debug.xcconfig"; sourceTree = "<group>"; };
/* End PBXFileReference section */

/* Begin PBXFrameworksBuildPhase section */
		4F93A9432055D9BB005DDC6D /* Frameworks */ = {
			isa = PBXFrameworksBuildPhase;
			buildActionMask = 2147483647;
			files = (
				3C7CEAF54D6FE4EC46C8889F /* Pods_WeatherForecast.framework in Frameworks */,
			);
			runOnlyForDeploymentPostprocessing = 0;
		};
/* End PBXFrameworksBuildPhase section */

/* Begin PBXGroup section */
		113AC54F5B5B2B7CBB875114 /* Frameworks */ = {
			isa = PBXGroup;
			children = (
				89E67DC407ECC48E66CB2561 /* Pods_WeatherForecast.framework */,
			);
			name = Frameworks;
			sourceTree = "<group>";
		};
		4F93A93D2055D9BB005DDC6D = {
			isa = PBXGroup;
			children = (
				4F93A9482055D9BB005DDC6D /* WeatherForecast */,
				4F93A9472055D9BB005DDC6D /* Products */,
				D11C566AA39F813F8E077C36 /* Pods */,
				113AC54F5B5B2B7CBB875114 /* Frameworks */,
			);
			sourceTree = "<group>";
		};
		4F93A9472055D9BB005DDC6D /* Products */ = {
			isa = PBXGroup;
			children = (
				4F93A9462055D9BB005DDC6D /* WeatherForecast.app */,
			);
			name = Products;
			sourceTree = "<group>";
		};
		4F93A9482055D9BB005DDC6D /* WeatherForecast */ = {
			isa = PBXGroup;
			children = (
				4F93A9492055D9BB005DDC6D /* AppDelegate.swift */,
				4F93A94D2055D9BB005DDC6D /* Main.storyboard */,
				4F93A9502055D9BB005DDC6D /* Assets.xcassets */,
				4F93A9522055D9BB005DDC6D /* LaunchScreen.storyboard */,
				4F93A9552055D9BB005DDC6D /* Info.plist */,
				4F93A95B20572374005DDC6D /* MasterViewController.swift */,
				4F93A95D205724BF005DDC6D /* DetailViewController.swift */,
				4F16216B20572E6000859BB0 /* City.swift */,
				4F781A542057339900B004D6 /* CitiesJSONSerializer.swift */,
				4F781A562057341800B004D6 /* cityList.json */,
				4F781A582057395900B004D6 /* CityTableViewCell.swift */,
				4FF09E09206C33BC00E96F60 /* Weather.swift */,
				4FF09E0F206D120600E96F60 /* WeatherJSONSerializer.swift */,
				4FF09E11206D611300E96F60 /* Forecast.swift */,
				4FF09E13206D62B200E96F60 /* CityProperties.swift */,
				4FF09E15206D636E00E96F60 /* CityPropertiesJSONSerializer.swift */,
			);
			path = WeatherForecast;
			sourceTree = "<group>";
		};
		D11C566AA39F813F8E077C36 /* Pods */ = {
			isa = PBXGroup;
			children = (
				E0C20788D008BF3243FE016D /* Pods-WeatherForecast.debug.xcconfig */,
				7F691B23C2914392C5D048E6 /* Pods-WeatherForecast.release.xcconfig */,
			);
			name = Pods;
			sourceTree = "<group>";
		};
/* End PBXGroup section */

/* Begin PBXNativeTarget section */
		4F93A9452055D9BB005DDC6D /* WeatherForecast */ = {
			isa = PBXNativeTarget;
			buildConfigurationList = 4F93A9582055D9BB005DDC6D /* Build configuration list for PBXNativeTarget "WeatherForecast" */;
			buildPhases = (
				F3124D8D679D9FD513F9D030 /* [CP] Check Pods Manifest.lock */,
				4F93A9422055D9BB005DDC6D /* Sources */,
				4F93A9432055D9BB005DDC6D /* Frameworks */,
				4F93A9442055D9BB005DDC6D /* Resources */,
				07C7F238C3F6EE05A0D749BA /* [CP] Embed Pods Frameworks */,
				90BC62B02C586D9F2072B8BB /* [CP] Copy Pods Resources */,
			);
			buildRules = (
			);
			dependencies = (
			);
			name = WeatherForecast;
			productName = WeatherForecast;
			productReference = 4F93A9462055D9BB005DDC6D /* WeatherForecast.app */;
			productType = "com.apple.product-type.application";
		};
/* End PBXNativeTarget section */

/* Begin PBXProject section */
		4F93A93E2055D9BB005DDC6D /* Project object */ = {
			isa = PBXProject;
			attributes = {
				LastSwiftUpdateCheck = 0920;
				LastUpgradeCheck = 0920;
				ORGANIZATIONNAME = "Илья Коваленко";
				TargetAttributes = {
					4F93A9452055D9BB005DDC6D = {
						CreatedOnToolsVersion = 9.2;
						ProvisioningStyle = Automatic;
					};
				};
			};
			buildConfigurationList = 4F93A9412055D9BB005DDC6D /* Build configuration list for PBXProject "WeatherForecast" */;
			compatibilityVersion = "Xcode 8.0";
			developmentRegion = en;
			hasScannedForEncodings = 0;
			knownRegions = (
				en,
				Base,
			);
			mainGroup = 4F93A93D2055D9BB005DDC6D;
			productRefGroup = 4F93A9472055D9BB005DDC6D /* Products */;
			projectDirPath = "";
			projectRoot = "";
			targets = (
				4F93A9452055D9BB005DDC6D /* WeatherForecast */,
			);
		};
/* End PBXProject section */

/* Begin PBXResourcesBuildPhase section */
		4F93A9442055D9BB005DDC6D /* Resources */ = {
			isa = PBXResourcesBuildPhase;
			buildActionMask = 2147483647;
			files = (
				4F93A9542055D9BB005DDC6D /* LaunchScreen.storyboard in Resources */,
				4F93A9512055D9BB005DDC6D /* Assets.xcassets in Resources */,
				4F781A572057341800B004D6 /* cityList.json in Resources */,
				4F93A94F2055D9BB005DDC6D /* Main.storyboard in Resources */,
			);
			runOnlyForDeploymentPostprocessing = 0;
		};
/* End PBXResourcesBuildPhase section */

/* Begin PBXShellScriptBuildPhase section */
		07C7F238C3F6EE05A0D749BA /* [CP] Embed Pods Frameworks */ = {
			isa = PBXShellScriptBuildPhase;
			buildActionMask = 2147483647;
			files = (
			);
			inputPaths = (
				"${SRCROOT}/Pods/Target Support Files/Pods-WeatherForecast/Pods-WeatherForecast-frameworks.sh",
				"${BUILT_PRODUCTS_DIR}/Alamofire/Alamofire.framework",
				"${BUILT_PRODUCTS_DIR}/Alamofire-Synchronous/Alamofire_Synchronous.framework",
				"${BUILT_PRODUCTS_DIR}/AlamofireImage/AlamofireImage.framework",
				"${BUILT_PRODUCTS_DIR}/SwiftyJSON/SwiftyJSON.framework",
			);
			name = "[CP] Embed Pods Frameworks";
			outputPaths = (
				"${TARGET_BUILD_DIR}/${FRAMEWORKS_FOLDER_PATH}/Alamofire.framework",
				"${TARGET_BUILD_DIR}/${FRAMEWORKS_FOLDER_PATH}/Alamofire_Synchronous.framework",
				"${TARGET_BUILD_DIR}/${FRAMEWORKS_FOLDER_PATH}/AlamofireImage.framework",
				"${TARGET_BUILD_DIR}/${FRAMEWORKS_FOLDER_PATH}/SwiftyJSON.framework",
			);
			runOnlyForDeploymentPostprocessing = 0;
			shellPath = /bin/sh;
			shellScript = "\"${SRCROOT}/Pods/Target Support Files/Pods-WeatherForecast/Pods-WeatherForecast-frameworks.sh\"\n";
			showEnvVarsInLog = 0;
		};
		90BC62B02C586D9F2072B8BB /* [CP] Copy Pods Resources */ = {
			isa = PBXShellScriptBuildPhase;
			buildActionMask = 2147483647;
			files = (
			);
			inputPaths = (
			);
			name = "[CP] Copy Pods Resources";
			outputPaths = (
			);
			runOnlyForDeploymentPostprocessing = 0;
			shellPath = /bin/sh;
			shellScript = "\"${SRCROOT}/Pods/Target Support Files/Pods-WeatherForecast/Pods-WeatherForecast-resources.sh\"\n";
			showEnvVarsInLog = 0;
		};
		F3124D8D679D9FD513F9D030 /* [CP] Check Pods Manifest.lock */ = {
			isa = PBXShellScriptBuildPhase;
			buildActionMask = 2147483647;
			files = (
			);
			inputPaths = (
				"${PODS_PODFILE_DIR_PATH}/Podfile.lock",
				"${PODS_ROOT}/Manifest.lock",
			);
			name = "[CP] Check Pods Manifest.lock";
			outputPaths = (
				"$(DERIVED_FILE_DIR)/Pods-WeatherForecast-checkManifestLockResult.txt",
			);
			runOnlyForDeploymentPostprocessing = 0;
			shellPath = /bin/sh;
			shellScript = "diff \"${PODS_PODFILE_DIR_PATH}/Podfile.lock\" \"${PODS_ROOT}/Manifest.lock\" > /dev/null\nif [ $? != 0 ] ; then\n    # print error to STDERR\n    echo \"error: The sandbox is not in sync with the Podfile.lock. Run 'pod install' or update your CocoaPods installation.\" >&2\n    exit 1\nfi\n# This output is used by Xcode 'outputs' to avoid re-running this script phase.\necho \"SUCCESS\" > \"${SCRIPT_OUTPUT_FILE_0}\"\n";
			showEnvVarsInLog = 0;
		};
/* End PBXShellScriptBuildPhase section */

/* Begin PBXSourcesBuildPhase section */
		4F93A9422055D9BB005DDC6D /* Sources */ = {
			isa = PBXSourcesBuildPhase;
			buildActionMask = 2147483647;
			files = (
				4FF09E16206D636E00E96F60 /* CityPropertiesJSONSerializer.swift in Sources */,
				4F781A592057395900B004D6 /* CityTableViewCell.swift in Sources */,
				4F93A95E205724BF005DDC6D /* DetailViewController.swift in Sources */,
				4F93A95C20572374005DDC6D /* MasterViewController.swift in Sources */,
				4F781A552057339900B004D6 /* CitiesJSONSerializer.swift in Sources */,
				4FF09E12206D611300E96F60 /* Forecast.swift in Sources */,
				4FF09E10206D120600E96F60 /* WeatherJSONSerializer.swift in Sources */,
				4F16216C20572E6000859BB0 /* City.swift in Sources */,
				4FF09E14206D62B200E96F60 /* CityProperties.swift in Sources */,
				4F93A94A2055D9BB005DDC6D /* AppDelegate.swift in Sources */,
				4FF09E0A206C33BC00E96F60 /* Weather.swift in Sources */,
			);
			runOnlyForDeploymentPostprocessing = 0;
		};
/* End PBXSourcesBuildPhase section */

/* Begin PBXVariantGroup section */
		4F93A94D2055D9BB005DDC6D /* Main.storyboard */ = {
			isa = PBXVariantGroup;
			children = (
				4F93A94E2055D9BB005DDC6D /* Base */,
			);
			name = Main.storyboard;
			sourceTree = "<group>";
		};
		4F93A9522055D9BB005DDC6D /* LaunchScreen.storyboard */ = {
			isa = PBXVariantGroup;
			children = (
				4F93A9532055D9BB005DDC6D /* Base */,
			);
			name = LaunchScreen.storyboard;
			sourceTree = "<group>";
		};
/* End PBXVariantGroup section */

/* Begin XCBuildConfiguration section */
		4F93A9562055D9BB005DDC6D /* Debug */ = {
			isa = XCBuildConfiguration;
			buildSettings = {
				ALWAYS_SEARCH_USER_PATHS = NO;
				CLANG_ANALYZER_NONNULL = YES;
				CLANG_ANALYZER_NUMBER_OBJECT_CONVERSION = YES_AGGRESSIVE;
				CLANG_CXX_LANGUAGE_STANDARD = "gnu++14";
				CLANG_CXX_LIBRARY = "libc++";
				CLANG_ENABLE_MODULES = YES;
				CLANG_ENABLE_OBJC_ARC = YES;
				CLANG_WARN_BLOCK_CAPTURE_AUTORELEASING = YES;
				CLANG_WARN_BOOL_CONVERSION = YES;
				CLANG_WARN_COMMA = YES;
				CLANG_WARN_CONSTANT_CONVERSION = YES;
				CLANG_WARN_DIRECT_OBJC_ISA_USAGE = YES_ERROR;
				CLANG_WARN_DOCUMENTATION_COMMENTS = YES;
				CLANG_WARN_EMPTY_BODY = YES;
				CLANG_WARN_ENUM_CONVERSION = YES;
				CLANG_WARN_INFINITE_RECURSION = YES;
				CLANG_WARN_INT_CONVERSION = YES;
				CLANG_WARN_NON_LITERAL_NULL_CONVERSION = YES;
				CLANG_WARN_OBJC_LITERAL_CONVERSION = YES;
				CLANG_WARN_OBJC_ROOT_CLASS = YES_ERROR;
				CLANG_WARN_RANGE_LOOP_ANALYSIS = YES;
				CLANG_WARN_STRICT_PROTOTYPES = YES;
				CLANG_WARN_SUSPICIOUS_MOVE = YES;
				CLANG_WARN_UNGUARDED_AVAILABILITY = YES_AGGRESSIVE;
				CLANG_WARN_UNREACHABLE_CODE = YES;
				CLANG_WARN__DUPLICATE_METHOD_MATCH = YES;
				CODE_SIGN_IDENTITY = "iPhone Developer";
				COPY_PHASE_STRIP = NO;
				DEBUG_INFORMATION_FORMAT = dwarf;
				ENABLE_STRICT_OBJC_MSGSEND = YES;
				ENABLE_TESTABILITY = YES;
				GCC_C_LANGUAGE_STANDARD = gnu11;
				GCC_DYNAMIC_NO_PIC = NO;
				GCC_NO_COMMON_BLOCKS = YES;
				GCC_OPTIMIZATION_LEVEL = 0;
				GCC_PREPROCESSOR_DEFINITIONS = (
					"DEBUG=1",
					"$(inherited)",
				);
				GCC_WARN_64_TO_32_BIT_CONVERSION = YES;
				GCC_WARN_ABOUT_RETURN_TYPE = YES_ERROR;
				GCC_WARN_UNDECLARED_SELECTOR = YES;
				GCC_WARN_UNINITIALIZED_AUTOS = YES_AGGRESSIVE;
				GCC_WARN_UNUSED_FUNCTION = YES;
				GCC_WARN_UNUSED_VARIABLE = YES;
				IPHONEOS_DEPLOYMENT_TARGET = 11.2;
				MTL_ENABLE_DEBUG_INFO = YES;
				ONLY_ACTIVE_ARCH = YES;
				SDKROOT = iphoneos;
				SWIFT_ACTIVE_COMPILATION_CONDITIONS = DEBUG;
				SWIFT_OPTIMIZATION_LEVEL = "-Onone";
			};
			name = Debug;
		};
		4F93A9572055D9BB005DDC6D /* Release */ = {
			isa = XCBuildConfiguration;
			buildSettings = {
				ALWAYS_SEARCH_USER_PATHS = NO;
				CLANG_ANALYZER_NONNULL = YES;
				CLANG_ANALYZER_NUMBER_OBJECT_CONVERSION = YES_AGGRESSIVE;
				CLANG_CXX_LANGUAGE_STANDARD = "gnu++14";
				CLANG_CXX_LIBRARY = "libc++";
				CLANG_ENABLE_MODULES = YES;
				CLANG_ENABLE_OBJC_ARC = YES;
				CLANG_WARN_BLOCK_CAPTURE_AUTORELEASING = YES;
				CLANG_WARN_BOOL_CONVERSION = YES;
				CLANG_WARN_COMMA = YES;
				CLANG_WARN_CONSTANT_CONVERSION = YES;
				CLANG_WARN_DIRECT_OBJC_ISA_USAGE = YES_ERROR;
				CLANG_WARN_DOCUMENTATION_COMMENTS = YES;
				CLANG_WARN_EMPTY_BODY = YES;
				CLANG_WARN_ENUM_CONVERSION = YES;
				CLANG_WARN_INFINITE_RECURSION = YES;
				CLANG_WARN_INT_CONVERSION = YES;
				CLANG_WARN_NON_LITERAL_NULL_CONVERSION = YES;
				CLANG_WARN_OBJC_LITERAL_CONVERSION = YES;
				CLANG_WARN_OBJC_ROOT_CLASS = YES_ERROR;
				CLANG_WARN_RANGE_LOOP_ANALYSIS = YES;
				CLANG_WARN_STRICT_PROTOTYPES = YES;
				CLANG_WARN_SUSPICIOUS_MOVE = YES;
				CLANG_WARN_UNGUARDED_AVAILABILITY = YES_AGGRESSIVE;
				CLANG_WARN_UNREACHABLE_CODE = YES;
				CLANG_WARN__DUPLICATE_METHOD_MATCH = YES;
				CODE_SIGN_IDENTITY = "iPhone Developer";
				COPY_PHASE_STRIP = NO;
				DEBUG_INFORMATION_FORMAT = "dwarf-with-dsym";
				ENABLE_NS_ASSERTIONS = NO;
				ENABLE_STRICT_OBJC_MSGSEND = YES;
				GCC_C_LANGUAGE_STANDARD = gnu11;
				GCC_NO_COMMON_BLOCKS = YES;
				GCC_WARN_64_TO_32_BIT_CONVERSION = YES;
				GCC_WARN_ABOUT_RETURN_TYPE = YES_ERROR;
				GCC_WARN_UNDECLARED_SELECTOR = YES;
				GCC_WARN_UNINITIALIZED_AUTOS = YES_AGGRESSIVE;
				GCC_WARN_UNUSED_FUNCTION = YES;
				GCC_WARN_UNUSED_VARIABLE = YES;
				IPHONEOS_DEPLOYMENT_TARGET = 11.2;
				MTL_ENABLE_DEBUG_INFO = NO;
				SDKROOT = iphoneos;
				SWIFT_OPTIMIZATION_LEVEL = "-Owholemodule";
				VALIDATE_PRODUCT = YES;
			};
			name = Release;
		};
		4F93A9592055D9BB005DDC6D /* Debug */ = {
			isa = XCBuildConfiguration;
			baseConfigurationReference = E0C20788D008BF3243FE016D /* Pods-WeatherForecast.debug.xcconfig */;
			buildSettings = {
				ASSETCATALOG_COMPILER_APPICON_NAME = AppIcon;
				CODE_SIGN_STYLE = Automatic;
				DEVELOPMENT_TEAM = TB82Q25ELR;
				INFOPLIST_FILE = WeatherForecast/Info.plist;
				LD_RUNPATH_SEARCH_PATHS = "$(inherited) @executable_path/Frameworks";
				PRODUCT_BUNDLE_IDENTIFIER = ovh.time.WeatherForecast;
				PRODUCT_NAME = "$(TARGET_NAME)";
				SWIFT_VERSION = 4.0;
				TARGETED_DEVICE_FAMILY = "1,2";
			};
			name = Debug;
		};
		4F93A95A2055D9BB005DDC6D /* Release */ = {
			isa = XCBuildConfiguration;
			baseConfigurationReference = 7F691B23C2914392C5D048E6 /* Pods-WeatherForecast.release.xcconfig */;
			buildSettings = {
				ASSETCATALOG_COMPILER_APPICON_NAME = AppIcon;
				CODE_SIGN_STYLE = Automatic;
				DEVELOPMENT_TEAM = TB82Q25ELR;
				INFOPLIST_FILE = WeatherForecast/Info.plist;
				LD_RUNPATH_SEARCH_PATHS = "$(inherited) @executable_path/Frameworks";
				PRODUCT_BUNDLE_IDENTIFIER = ovh.time.WeatherForecast;
				PRODUCT_NAME = "$(TARGET_NAME)";
				SWIFT_VERSION = 4.0;
				TARGETED_DEVICE_FAMILY = "1,2";
			};
			name = Release;
		};
/* End XCBuildConfiguration section */

/* Begin XCConfigurationList section */
		4F93A9412055D9BB005DDC6D /* Build configuration list for PBXProject "WeatherForecast" */ = {
			isa = XCConfigurationList;
			buildConfigurations = (
				4F93A9562055D9BB005DDC6D /* Debug */,
				4F93A9572055D9BB005DDC6D /* Release */,
			);
			defaultConfigurationIsVisible = 0;
			defaultConfigurationName = Release;
		};
		4F93A9582055D9BB005DDC6D /* Build configuration list for PBXNativeTarget "WeatherForecast" */ = {
			isa = XCConfigurationList;
			buildConfigurations = (
				4F93A9592055D9BB005DDC6D /* Debug */,
				4F93A95A2055D9BB005DDC6D /* Release */,
			);
			defaultConfigurationIsVisible = 0;
			defaultConfigurationName = Release;
		};
/* End XCConfigurationList section */
	};
	rootObject = 4F93A93E2055D9BB005DDC6D /* Project object */;
}
